{
  "lockfile_version": "1",
  "packages": {
    "github:NixOS/nixpkgs/nixpkgs-unstable": {
      "last_modified": "2026-08-22T10:28:36Z",
      "resolved": "github:NixOS/nixpkgs/c8f90650c15282fa8656a041bfbbd2403997a9a7?lastModified=1787394516"
    },
    "go@1.26.4": {
      "last_modified": "2026-07-08T21:13:06Z",
      "resolved": "github:NixOS/nixpkgs/389ed85304b281ca7f306cf8a1eb4378651ca44e#go",
      "source": "devbox-search",
      "version": "1.26.4",
      "systems": {
        "aarch64-darwin": {
          "outputs": [
            {
              "name": "out",
              "path": "/nix/store/38idfbqyw3p8xaslv6bnrig62pj7qy6i-go-1.26.4",
              "default": true
            }
          ],
          "store_path": "/nix/store/38idfbqyw3p8xaslv6bnrig62pj7qy6i-go-1.26.4"
        },
        "aarch64-linux": {
          "outputs": [
            {
              "name": "out",
              "path": "/nix/store/z8b7c0h6g8dnv6vlxh7fha1d66krvgn9-go-1.26.4",
              "default": true
            }
          ],
          "store_path": "/nix/store/z8b7c0h6g8dnv6vlxh7fha1d66krvgn9-go-1.26.4"
        },
        "x86_64-darwin": {
          "outputs": [
            {
              "name": "out",
              "path": "/nix/store/h0z6ghmi3cihlbm163d72xs9p9nn04a1-go-1.26.4",
              "default": true
            }
          ],
          "store_path": "/nix/store/h0z6ghmi3cihlbm163d72xs9p9nn04a1-go-1.26.4"
        },
        "x86_64-linux": {
          "outputs": [
            {
              "name": "out",
              "path": "/nix/store/1xklj6dmgcpgz60c9w2ynaq7ynzfsrrq-go-1.26.4",
              "default": true
            }
          ],
          "store_path": "/nix/store/1xklj6dmgcpgz60c9w2ynaq7ynzfsrrq-go-1.26.4"
        }
      }
    },
    "golangci-lint@2.12.2": {
      "last_modified": "2026-08-12T11:28:58Z",
      "resolved": "github:NixOS/nixpkgs/044bfe75bfe4c7bbe043dc17b5e42ea823b84a09#golangci-lint",
      "source": "devbox-search",
      "version": "2.12.2",
      "systems": {
        "aarch64-darwin": {
          "outputs": [
            {
              "name": "out",
              "path": "/nix/store/cqawpcdr4iif6g81i9flza941zxzgac5-golangci-lint-2.12.2",
              "default": true
            }
          ],
          "store_path": "/nix/store/cqawpcdr4iif6g81i9flza941zxzgac5-golangci-lint-2.12.2"
        },
        "aarch64-linux": {
          "outputs": [
            {
              "name": "out",
              "path": "/nix/store/dyiky0qyz8p8z3c54rz5z2qdwbrf05c7-golangci-lint-2.12.2",
              "default": true
            }
          ],
          "store_path": "/nix/store/dyiky0qyz8p8z3c54rz5z2qdwbrf05c7-golangci-lint-2.12.2"
        },
        "x86_64-darwin": {
          "outputs": [
            {
              "name": "out",
              "path": "/nix/store/w8c3i6vmxnnj0xixvjsa9lva3rcd2rvs-golangci-lint-2.12.2",
              "default": true
            }
          ],
          "store_path": "/nix/store/w8c3i6vmxnnj0xixvjsa9lva3rcd2rvs-golangci-lint-2.12.2"
        },
        "x86_64-linux": {
          "outputs": [
            {
              "name": "out",
              "path": "/nix/store/yl3hlickshlf7smf4iql5lalmhi6hhqg-golangci-lint-2.12.2",
              "default": true
            }
          ],
          "store_path": "/nix/store/yl3hlickshlf7smf4iql5lalmhi6hhqg-golangci-lint-2.12.2"
        }
      }
    }
  }
}
